
Microsoft Visual Studio Solution File, Format Version 12.00
# Visual Studio Version 17
VisualStudioVersion = 17.3.32819.101
MinimumVisualStudioVersion = 10.0.40219.1
Project("{FAE04EC0-301F-11D3-BF4B-00C04F79EFBC}") = "CertGenerator", "CertGenerator\CertGenerator.csproj", "{31DFF242-D7FE-4B1D-A729-E75D7F7D4256}"
EndProject
Global
	GlobalSection(SolutionConfigurationPlatforms) = preSolution
		Debug|Any CPU = Debug|Any CPU
		Release|Any CPU = Release|Any CPU
	EndGlobalSection
	GlobalSection(ProjectConfigurationPlatforms) = postSolution
		{31DFF242-D7FE-4B1D-A729-E75D7F7D4256}.Debug|Any CPU.ActiveCfg = Debug|Any CPU
		{31DFF242-D7FE-4B1D-A729-E75D7F7D4256}.Debug|Any CPU.Build.0 = Debug|Any CPU
		{31DFF242-D7FE-4B1D-A729-E75D7F7D4256}.Release|Any CPU.ActiveCfg = Release|Any CPU
		{31DFF242-D7FE-4B1D-A729-E75D7F7D4256}.Release|Any CPU.Build.0 = Release|Any CPU
	EndGlobalSection
	GlobalSection(SolutionProperties) = preSolution
		HideSolutionNode = FALSE
	EndGlobalSection
	GlobalSection(ExtensibilityGlobals) = postSolution
		SolutionGuid = {29F1A692-AA26-4831-8250-7EE750728A9B}
	EndGlobalSection
EndGlobal
